
Microsoft Visual Studio Solution File, Format Version 12.00
# Visual Studio Version 17
VisualStudioVersion = 17.1.32228.430
MinimumVisualStudioVersion = 10.0.40219.1
Project("{9A19103F-16F7-4668-BE54-9A1E7A4F7556}") = "BulkyBookWeb", "BulkyBookWeb\BulkyBookWeb.csproj", "{6A031177-0910-467E-90AA-2112BCDD8F6F}"
EndProject
Project("{9A19103F-16F7-4668-BE54-9A1E7A4F7556}") = "BulkyBook.DataAccess", "BulkyBook.DataAccess\BulkyBook.DataAccess.csproj", "{59504387-E18F-481C-B194-66792D047D02}"
EndProject
Project("{9A19103F-16F7-4668-BE54-9A1E7A4F7556}") = "BulkyBook.Model", "BulkyBook.Model\BulkyBook.Model.csproj", "{46D4C166-FB32-4BC0-B2D5-C656B8E13DB9}"
EndProject
Project("{9A19103F-16F7-4668-BE54-9A1E7A4F7556}") = "BulkyBook.Utility", "BulkyBook.Utility\BulkyBook.Utility.csproj", "{5C74A9BE-F352-42F6-A71B-28C92418E633}"
EndProject
Global
	GlobalSection(SolutionConfigurationPlatforms) = preSolution
		Debug|Any CPU = Debug|Any CPU
		Release|Any CPU = Release|Any CPU
	EndGlobalSection
	GlobalSection(ProjectConfigurationPlatforms) = postSolution
		{6A031177-0910-467E-90AA-2112BCDD8F6F}.Debug|Any CPU.ActiveCfg = Debug|Any CPU
		{6A031177-0910-467E-90AA-2112BCDD8F6F}.Debug|Any CPU.Build.0 = Debug|Any CPU
		{6A031177-0910-467E-90AA-2112BCDD8F6F}.Release|Any CPU.ActiveCfg = Release|Any CPU
		{6A031177-0910-467E-90AA-2112BCDD8F6F}.Release|Any CPU.Build.0 = Release|Any CPU
		{59504387-E18F-481C-B194-66792D047D02}.Debug|Any CPU.ActiveCfg = Debug|Any CPU
		{59504387-E18F-481C-B194-66792D047D02}.Debug|Any CPU.Build.0 = Debug|Any CPU
		{59504387-E18F-481C-B194-66792D047D02}.Release|Any CPU.ActiveCfg = Release|Any CPU
		{59504387-E18F-481C-B194-66792D047D02}.Release|Any CPU.Build.0 = Release|Any CPU
		{46D4C166-FB32-4BC0-B2D5-C656B8E13DB9}.Debug|Any CPU.ActiveCfg = Debug|Any CPU
		{46D4C166-FB32-4BC0-B2D5-C656B8E13DB9}.Debug|Any CPU.Build.0 = Debug|Any CPU
		{46D4C166-FB32-4BC0-B2D5-C656B8E13DB9}.Release|Any CPU.ActiveCfg = Release|Any CPU
		{46D4C166-FB32-4BC0-B2D5-C656B8E13DB9}.Release|Any CPU.Build.0 = Release|Any CPU
		{5C74A9BE-F352-42F6-A71B-28C92418E633}.Debug|Any CPU.ActiveCfg = Debug|Any CPU
		{5C74A9BE-F352-42F6-A71B-28C92418E633}.Debug|Any CPU.Build.0 = Debug|Any CPU
		{5C74A9BE-F352-42F6-A71B-28C92418E633}.Release|Any CPU.ActiveCfg = Release|Any CPU
		{5C74A9BE-F352-42F6-A71B-28C92418E633}.Release|Any CPU.Build.0 = Release|Any CPU
	EndGlobalSection
	GlobalSection(SolutionProperties) = preSolution
		HideSolutionNode = FALSE
	EndGlobalSection
	GlobalSection(ExtensibilityGlobals) = postSolution
		SolutionGuid = {3EFE0195-F742-4C2B-BBFB-AF4C336141BB}
	EndGlobalSection
EndGlobal
